
Microsoft Visual Studio Solution File, Format Version 12.00
# Visual Studio Version 16
VisualStudioVersion = 16.0.33529.622
MinimumVisualStudioVersion = 10.0.40219.1
Project("{FAE04EC0-301F-11D3-BF4B-00C04F79EFBC}") = "MyFavSong", "MyFavSong\MyFavSong.csproj", "{18AE1C54-F44E-4978-850B-C58E60F69CEE}"
EndProject
Global
	GlobalSection(SolutionConfigurationPlatforms) = preSolution
		Debug|Any CPU = Debug|Any CPU
		Release|Any CPU = Release|Any CPU
	EndGlobalSection
	GlobalSection(ProjectConfigurationPlatforms) = postSolution
		{18AE1C54-F44E-4978-850B-C58E60F69CEE}.Debug|Any CPU.ActiveCfg = Debug|Any CPU
		{18AE1C54-F44E-4978-850B-C58E60F69CEE}.Debug|Any CPU.Build.0 = Debug|Any CPU
		{18AE1C54-F44E-4978-850B-C58E60F69CEE}.Release|Any CPU.ActiveCfg = Release|Any CPU
		{18AE1C54-F44E-4978-850B-C58E60F69CEE}.Release|Any CPU.Build.0 = Release|Any CPU
	EndGlobalSection
	GlobalSection(SolutionProperties) = preSolution
		HideSolutionNode = FALSE
	EndGlobalSection
	GlobalSection(ExtensibilityGlobals) = postSolution
		SolutionGuid = {EE177DA7-E52E-4AFC-A5F6-D89F99ECCD3D}
	EndGlobalSection
EndGlobal
